// !$*UTF8*$!
{
	archiveVersion = 1;
	classes = {
	};
	objectVersion = 50;
	objects = {

/* Begin PBXBuildFile section */
		88741F9621E89C280015FA5E /* AppDelegate.swift in Sources */ = {isa = PBXBuildFile; fileRef = 88741F9521E89C280015FA5E /* AppDelegate.swift */; };
		88741F9D21E89C280015FA5E /* Main.storyboard in Resources */ = {isa = PBXBuildFile; fileRef = 88741F9B21E89C280015FA5E /* Main.storyboard */; };
		88741F9F21E89C4B0015FA5E /* Assets.xcassets in Resources */ = {isa = PBXBuildFile; fileRef = 88741F9E21E89C4B0015FA5E /* Assets.xcassets */; };
		88741FA221E89C4B0015FA5E /* LaunchScreen.storyboard in Resources */ = {isa = PBXBuildFile; fileRef = 88741FA021E89C4B0015FA5E /* LaunchScreen.storyboard */; };
		88741FAD21E8AEDE0015FA5E /* Calanques.swift in Sources */ = {isa = PBXBuildFile; fileRef = 88741FAC21E8AEDE0015FA5E /* Calanques.swift */; };
		88741FAF21E8B1640015FA5E /* CalanqueCollection.swift in Sources */ = {isa = PBXBuildFile; fileRef = 88741FAE21E8B1640015FA5E /* CalanqueCollection.swift */; };
		88741FB121E8B42C0015FA5E /* Controller Avec Tableview.swift in Sources */ = {isa = PBXBuildFile; fileRef = 88741FB021E8B42C0015FA5E /* Controller Avec Tableview.swift */; };
		88741FB321E8B4430015FA5E /* Controller Avec Carte.swift in Sources */ = {isa = PBXBuildFile; fileRef = 88741FB221E8B4430015FA5E /* Controller Avec Carte.swift */; };
		88741FB521E8B47B0015FA5E /* TableView Integree Controller.swift in Sources */ = {isa = PBXBuildFile; fileRef = 88741FB421E8B47B0015FA5E /* TableView Integree Controller.swift */; };
		88741FB721E9FA5A0015FA5E /* CalanqueCell.swift in Sources */ = {isa = PBXBuildFile; fileRef = 88741FB621E9FA590015FA5E /* CalanqueCell.swift */; };
		88741FB921EA02D60015FA5E /* ImageRonde.swift in Sources */ = {isa = PBXBuildFile; fileRef = 88741FB821EA02D60015FA5E /* ImageRonde.swift */; };
		88741FBB21EA1FA40015FA5E /* CalanqueCellAlternativeTableViewCell.swift in Sources */ = {isa = PBXBuildFile; fileRef = 88741FBA21EA1FA40015FA5E /* CalanqueCellAlternativeTableViewCell.swift */; };
		88741FBD21EBB76A0015FA5E /* DetailController.swift in Sources */ = {isa = PBXBuildFile; fileRef = 88741FBC21EBB76A0015FA5E /* DetailController.swift */; };
/* End PBXBuildFile section */

/* Begin PBXFileReference section */
		88741F9221E89C280015FA5E /* Les Calanques.app */ = {isa = PBXFileReference; explicitFileType = wrapper.application; includeInIndex = 0; path = "Les Calanques.app"; sourceTree = BUILT_PRODUCTS_DIR; };
		88741F9521E89C280015FA5E /* AppDelegate.swift */ = {isa = PBXFileReference; lastKnownFileType = sourcecode.swift; path = AppDelegate.swift; sourceTree = "<group>"; };
		88741F9C21E89C280015FA5E /* Base */ = {isa = PBXFileReference; lastKnownFileType = file.storyboard; name = Base; path = Base.lproj/Main.storyboard; sourceTree = "<group>"; };
		88741F9E21E89C4B0015FA5E /* Assets.xcassets */ = {isa = PBXFileReference; lastKnownFileType = folder.assetcatalog; path = Assets.xcassets; sourceTree = "<group>"; };
		88741FA121E89C4B0015FA5E /* Base */ = {isa = PBXFileReference; lastKnownFileType = file.storyboard; name = Base; path = Base.lproj/LaunchScreen.storyboard; sourceTree = "<group>"; };
		88741FA321E89C4C0015FA5E /* Info.plist */ = {isa = PBXFileReference; lastKnownFileType = text.plist.xml; path = Info.plist; sourceTree = "<group>"; };
		88741FAC21E8AEDE0015FA5E /* Calanques.swift */ = {isa = PBXFileReference; lastKnownFileType = sourcecode.swift; path = Calanques.swift; sourceTree = "<group>"; };
		88741FAE21E8B1640015FA5E /* CalanqueCollection.swift */ = {isa = PBXFileReference; lastKnownFileType = sourcecode.swift; path = CalanqueCollection.swift; sourceTree = "<group>"; };
		88741FB021E8B42C0015FA5E /* Controller Avec Tableview.swift */ = {isa = PBXFileReference; lastKnownFileType = sourcecode.swift; path = "Controller Avec Tableview.swift"; sourceTree = "<group>"; };
		88741FB221E8B4430015FA5E /* Controller Avec Carte.swift */ = {isa = PBXFileReference; lastKnownFileType = sourcecode.swift; path = "Controller Avec Carte.swift"; sourceTree = "<group>"; };
		88741FB421E8B47B0015FA5E /* TableView Integree Controller.swift */ = {isa = PBXFileReference; lastKnownFileType = sourcecode.swift; path = "TableView Integree Controller.swift"; sourceTree = "<group>"; };
		88741FB621E9FA590015FA5E /* CalanqueCell.swift */ = {isa = PBXFileReference; lastKnownFileType = sourcecode.swift; path = CalanqueCell.swift; sourceTree = "<group>"; };
		88741FB821EA02D60015FA5E /* ImageRonde.swift */ = {isa = PBXFileReference; lastKnownFileType = sourcecode.swift; path = ImageRonde.swift; sourceTree = "<group>"; };
		88741FBA21EA1FA40015FA5E /* CalanqueCellAlternativeTableViewCell.swift */ = {isa = PBXFileReference; lastKnownFileType = sourcecode.swift; path = CalanqueCellAlternativeTableViewCell.swift; sourceTree = "<group>"; };
		88741FBC21EBB76A0015FA5E /* DetailController.swift */ = {isa = PBXFileReference; lastKnownFileType = sourcecode.swift; path = DetailController.swift; sourceTree = "<group>"; };
/* End PBXFileReference section */

/* Begin PBXFrameworksBuildPhase section */
		88741F8F21E89C280015FA5E /* Frameworks */ = {
			isa = PBXFrameworksBuildPhase;
			buildActionMask = 2147483647;
			files = (
			);
			runOnlyForDeploymentPostprocessing = 0;
		};
/* End PBXFrameworksBuildPhase section */

/* Begin PBXGroup section */
		88741F8921E89C280015FA5E = {
			isa = PBXGroup;
			children = (
				88741F9421E89C280015FA5E /* Les Calanques */,
				88741F9321E89C280015FA5E /* Products */,
			);
			sourceTree = "<group>";
		};
		88741F9321E89C280015FA5E /* Products */ = {
			isa = PBXGroup;
			children = (
				88741F9221E89C280015FA5E /* Les Calanques.app */,
			);
			name = Products;
			sourceTree = "<group>";
		};
		88741F9421E89C280015FA5E /* Les Calanques */ = {
			isa = PBXGroup;
			children = (
				88741FA921E8AD860015FA5E /* Modele */,
				88741FAA21E8ADC10015FA5E /* Vue */,
				88741FAB21E8ADCA0015FA5E /* Controller */,
				88741F9521E89C280015FA5E /* AppDelegate.swift */,
				88741F9B21E89C280015FA5E /* Main.storyboard */,
				88741F9E21E89C4B0015FA5E /* Assets.xcassets */,
				88741FA021E89C4B0015FA5E /* LaunchScreen.storyboard */,
				88741FA321E89C4C0015FA5E /* Info.plist */,
			);
			path = "Les Calanques";
			sourceTree = "<group>";
		};
		88741FA921E8AD860015FA5E /* Modele */ = {
			isa = PBXGroup;
			children = (
				88741FAC21E8AEDE0015FA5E /* Calanques.swift */,
				88741FAE21E8B1640015FA5E /* CalanqueCollection.swift */,
			);
			path = Modele;
			sourceTree = "<group>";
		};
		88741FAA21E8ADC10015FA5E /* Vue */ = {
			isa = PBXGroup;
			children = (
				88741FB621E9FA590015FA5E /* CalanqueCell.swift */,
				88741FB821EA02D60015FA5E /* ImageRonde.swift */,
				88741FBA21EA1FA40015FA5E /* CalanqueCellAlternativeTableViewCell.swift */,
			);
			path = Vue;
			sourceTree = "<group>";
		};
		88741FAB21E8ADCA0015FA5E /* Controller */ = {
			isa = PBXGroup;
			children = (
				88741FB021E8B42C0015FA5E /* Controller Avec Tableview.swift */,
				88741FB221E8B4430015FA5E /* Controller Avec Carte.swift */,
				88741FB421E8B47B0015FA5E /* TableView Integree Controller.swift */,
				88741FBC21EBB76A0015FA5E /* DetailController.swift */,
			);
			path = Controller;
			sourceTree = "<group>";
		};
/* End PBXGroup section */

/* Begin PBXNativeTarget section */
		88741F9121E89C280015FA5E /* Les Calanques */ = {
			isa = PBXNativeTarget;
			buildConfigurationList = 88741FA621E89C4C0015FA5E /* Build configuration list for PBXNativeTarget "Les Calanques" */;
			buildPhases = (
				88741F8E21E89C280015FA5E /* Sources */,
				88741F8F21E89C280015FA5E /* Frameworks */,
				88741F9021E89C280015FA5E /* Resources */,
			);
			buildRules = (
			);
			dependencies = (
			);
			name = "Les Calanques";
			productName = "Les Calanques";
			productReference = 88741F9221E89C280015FA5E /* Les Calanques.app */;
			productType = "com.apple.product-type.application";
		};
/* End PBXNativeTarget section */

/* Begin PBXProject section */
		88741F8A21E89C280015FA5E /* Project object */ = {
			isa = PBXProject;
			attributes = {
				LastSwiftUpdateCheck = 1010;
				LastUpgradeCheck = 1010;
				ORGANIZATIONNAME = "Suchier Jean-Marc";
				TargetAttributes = {
					88741F9121E89C280015FA5E = {
						CreatedOnToolsVersion = 10.1;
					};
				};
			};
			buildConfigurationList = 88741F8D21E89C280015FA5E /* Build configuration list for PBXProject "Les Calanques" */;
			compatibilityVersion = "Xcode 9.3";
			developmentRegion = en;
			hasScannedForEncodings = 0;
			knownRegions = (
				en,
				Base,
			);
			mainGroup = 88741F8921E89C280015FA5E;
			productRefGroup = 88741F9321E89C280015FA5E /* Products */;
			projectDirPath = "";
			projectRoot = "";
			targets = (
				88741F9121E89C280015FA5E /* Les Calanques */,
			);
		};
/* End PBXProject section */

/* Begin PBXResourcesBuildPhase section */
		88741F9021E89C280015FA5E /* Resources */ = {
			isa = PBXResourcesBuildPhase;
			buildActionMask = 2147483647;
			files = (
				88741FA221E89C4B0015FA5E /* LaunchScreen.storyboard in Resources */,
				88741F9F21E89C4B0015FA5E /* Assets.xcassets in Resources */,
				88741F9D21E89C280015FA5E /* Main.storyboard in Resources */,
			);
			runOnlyForDeploymentPostprocessing = 0;
		};
/* End PBXResourcesBuildPhase section */

/* Begin PBXSourcesBuildPhase section */
		88741F8E21E89C280015FA5E /* Sources */ = {
			isa = PBXSourcesBuildPhase;
			buildActionMask = 2147483647;
			files = (
				88741FB321E8B4430015FA5E /* Controller Avec Carte.swift in Sources */,
				88741FB121E8B42C0015FA5E /* Controller Avec Tableview.swift in Sources */,
				88741FBB21EA1FA40015FA5E /* CalanqueCellAlternativeTableViewCell.swift in Sources */,
				88741FB721E9FA5A0015FA5E /* CalanqueCell.swift in Sources */,
				88741F9621E89C280015FA5E /* AppDelegate.swift in Sources */,
				88741FAF21E8B1640015FA5E /* CalanqueCollection.swift in Sources */,
				88741FB521E8B47B0015FA5E /* TableView Integree Controller.swift in Sources */,
				88741FB921EA02D60015FA5E /* ImageRonde.swift in Sources */,
				88741FBD21EBB76A0015FA5E /* DetailController.swift in Sources */,
				88741FAD21E8AEDE0015FA5E /* Calanques.swift in Sources */,
			);
			runOnlyForDeploymentPostprocessing = 0;
		};
/* End PBXSourcesBuildPhase section */

/* Begin PBXVariantGroup section */
		88741F9B21E89C280015FA5E /* Main.storyboard */ = {
			isa = PBXVariantGroup;
			children = (
				88741F9C21E89C280015FA5E /* Base */,
			);
			name = Main.storyboard;
			sourceTree = "<group>";
		};
		88741FA021E89C4B0015FA5E /* LaunchScreen.storyboard */ = {
			isa = PBXVariantGroup;
			children = (
				88741FA121E89C4B0015FA5E /* Base */,
			);
			name = LaunchScreen.storyboard;
			sourceTree = "<group>";
		};
/* End PBXVariantGroup section */

/* Begin XCBuildConfiguration section */
		88741FA421E89C4C0015FA5E /* Debug */ = {
			isa = XCBuildConfiguration;
			buildSettings = {
				ALWAYS_SEARCH_USER_PATHS = NO;
				CLANG_ANALYZER_NONNULL = YES;
				CLANG_ANALYZER_NUMBER_OBJECT_CONVERSION = YES_AGGRESSIVE;
				CLANG_CXX_LANGUAGE_STANDARD = "gnu++14";
				CLANG_CXX_LIBRARY = "libc++";
				CLANG_ENABLE_MODULES = YES;
				CLANG_ENABLE_OBJC_ARC = YES;
				CLANG_ENABLE_OBJC_WEAK = YES;
				CLANG_WARN_BLOCK_CAPTURE_AUTORELEASING = YES;
				CLANG_WARN_BOOL_CONVERSION = YES;
				CLANG_WARN_COMMA = YES;
				CLANG_WARN_CONSTANT_CONVERSION = YES;
				CLANG_WARN_DEPRECATED_OBJC_IMPLEMENTATIONS = YES;
				CLANG_WARN_DIRECT_OBJC_ISA_USAGE = YES_ERROR;
				CLANG_WARN_DOCUMENTATION_COMMENTS = YES;
				CLANG_WARN_EMPTY_BODY = YES;
				CLANG_WARN_ENUM_CONVERSION = YES;
				CLANG_WARN_INFINITE_RECURSION = YES;
				CLANG_WARN_INT_CONVERSION = YES;
				CLANG_WARN_NON_LITERAL_NULL_CONVERSION = YES;
				CLANG_WARN_OBJC_IMPLICIT_RETAIN_SELF = YES;
				CLANG_WARN_OBJC_LITERAL_CONVERSION = YES;
				CLANG_WARN_OBJC_ROOT_CLASS = YES_ERROR;
				CLANG_WARN_RANGE_LOOP_ANALYSIS = YES;
				CLANG_WARN_STRICT_PROTOTYPES = YES;
				CLANG_WARN_SUSPICIOUS_MOVE = YES;
				CLANG_WARN_UNGUARDED_AVAILABILITY = YES_AGGRESSIVE;
				CLANG_WARN_UNREACHABLE_CODE = YES;
				CLANG_WARN__DUPLICATE_METHOD_MATCH = YES;
				CODE_SIGN_IDENTITY = "iPhone Developer";
				COPY_PHASE_STRIP = NO;
				DEBUG_INFORMATION_FORMAT = dwarf;
				ENABLE_STRICT_OBJC_MSGSEND = YES;
				ENABLE_TESTABILITY = YES;
				GCC_C_LANGUAGE_STANDARD = gnu11;
				GCC_DYNAMIC_NO_PIC = NO;
				GCC_NO_COMMON_BLOCKS = YES;
				GCC_OPTIMIZATION_LEVEL = 0;
				GCC_PREPROCESSOR_DEFINITIONS = (
					"DEBUG=1",
					"$(inherited)",
				);
				GCC_WARN_64_TO_32_BIT_CONVERSION = YES;
				GCC_WARN_ABOUT_RETURN_TYPE = YES_ERROR;
				GCC_WARN_UNDECLARED_SELECTOR = YES;
				GCC_WARN_UNINITIALIZED_AUTOS = YES_AGGRESSIVE;
				GCC_WARN_UNUSED_FUNCTION = YES;
				GCC_WARN_UNUSED_VARIABLE = YES;
				IPHONEOS_DEPLOYMENT_TARGET = 12.1;
				MTL_ENABLE_DEBUG_INFO = INCLUDE_SOURCE;
				MTL_FAST_MATH = YES;
				ONLY_ACTIVE_ARCH = YES;
				SDKROOT = iphoneos;
				SWIFT_ACTIVE_COMPILATION_CONDITIONS = DEBUG;
				SWIFT_OPTIMIZATION_LEVEL = "-Onone";
			};
			name = Debug;
		};
		88741FA521E89C4C0015FA5E /* Release */ = {
			isa = XCBuildConfiguration;
			buildSettings = {
				ALWAYS_SEARCH_USER_PATHS = NO;
				CLANG_ANALYZER_NONNULL = YES;
				CLANG_ANALYZER_NUMBER_OBJECT_CONVERSION = YES_AGGRESSIVE;
				CLANG_CXX_LANGUAGE_STANDARD = "gnu++14";
				CLANG_CXX_LIBRARY = "libc++";
				CLANG_ENABLE_MODULES = YES;
				CLANG_ENABLE_OBJC_ARC = YES;
				CLANG_ENABLE_OBJC_WEAK = YES;
				CLANG_WARN_BLOCK_CAPTURE_AUTORELEASING = YES;
				CLANG_WARN_BOOL_CONVERSION = YES;
				CLANG_WARN_COMMA = YES;
				CLANG_WARN_CONSTANT_CONVERSION = YES;
				CLANG_WARN_DEPRECATED_OBJC_IMPLEMENTATIONS = YES;
				CLANG_WARN_DIRECT_OBJC_ISA_USAGE = YES_ERROR;
				CLANG_WARN_DOCUMENTATION_COMMENTS = YES;
				CLANG_WARN_EMPTY_BODY = YES;
				CLANG_WARN_ENUM_CONVERSION = YES;
				CLANG_WARN_INFINITE_RECURSION = YES;
				CLANG_WARN_INT_CONVERSION = YES;
				CLANG_WARN_NON_LITERAL_NULL_CONVERSION = YES;
				CLANG_WARN_OBJC_IMPLICIT_RETAIN_SELF = YES;
				CLANG_WARN_OBJC_LITERAL_CONVERSION = YES;
				CLANG_WARN_OBJC_ROOT_CLASS = YES_ERROR;
				CLANG_WARN_RANGE_LOOP_ANALYSIS = YES;
				CLANG_WARN_STRICT_PROTOTYPES = YES;
				CLANG_WARN_SUSPICIOUS_MOVE = YES;
				CLANG_WARN_UNGUARDED_AVAILABILITY = YES_AGGRESSIVE;
				CLANG_WARN_UNREACHABLE_CODE = YES;
				CLANG_WARN__DUPLICATE_METHOD_MATCH = YES;
				CODE_SIGN_IDENTITY = "iPhone Developer";
				COPY_PHASE_STRIP = NO;
				DEBUG_INFORMATION_FORMAT = "dwarf-with-dsym";
				ENABLE_NS_ASSERTIONS = NO;
				ENABLE_STRICT_OBJC_MSGSEND = YES;
				GCC_C_LANGUAGE_STANDARD = gnu11;
				GCC_NO_COMMON_BLOCKS = YES;
				GCC_WARN_64_TO_32_BIT_CONVERSION = YES;
				GCC_WARN_ABOUT_RETURN_TYPE = YES_ERROR;
				GCC_WARN_UNDECLARED_SELECTOR = YES;
				GCC_WARN_UNINITIALIZED_AUTOS = YES_AGGRESSIVE;
				GCC_WARN_UNUSED_FUNCTION = YES;
				GCC_WARN_UNUSED_VARIABLE = YES;
				IPHONEOS_DEPLOYMENT_TARGET = 12.1;
				MTL_ENABLE_DEBUG_INFO = NO;
				MTL_FAST_MATH = YES;
				SDKROOT = iphoneos;
				SWIFT_COMPILATION_MODE = wholemodule;
				SWIFT_OPTIMIZATION_LEVEL = "-O";
				VALIDATE_PRODUCT = YES;
			};
			name = Release;
		};
		88741FA721E89C4C0015FA5E /* Debug */ = {
			isa = XCBuildConfiguration;
			buildSettings = {
				ASSETCATALOG_COMPILER_APPICON_NAME = AppIcon;
				CODE_SIGN_STYLE = Automatic;
				DEVELOPMENT_TEAM = 7CFE5Z2AGD;
				INFOPLIST_FILE = "Les Calanques/Info.plist";
				LD_RUNPATH_SEARCH_PATHS = (
					"$(inherited)",
					"@executable_path/Frameworks",
				);
				PRODUCT_BUNDLE_IDENTIFIER = "com.Suchier.Les-Calanques";
				PRODUCT_NAME = "$(TARGET_NAME)";
				SWIFT_VERSION = 4.2;
				TARGETED_DEVICE_FAMILY = "1,2";
			};
			name = Debug;
		};
		88741FA821E89C4C0015FA5E /* Release */ = {
			isa = XCBuildConfiguration;
			buildSettings = {
				ASSETCATALOG_COMPILER_APPICON_NAME = AppIcon;
				CODE_SIGN_STYLE = Automatic;
				DEVELOPMENT_TEAM = 7CFE5Z2AGD;
				INFOPLIST_FILE = "Les Calanques/Info.plist";
				LD_RUNPATH_SEARCH_PATHS = (
					"$(inherited)",
					"@executable_path/Frameworks",
				);
				PRODUCT_BUNDLE_IDENTIFIER = "com.Suchier.Les-Calanques";
				PRODUCT_NAME = "$(TARGET_NAME)";
				SWIFT_VERSION = 4.2;
				TARGETED_DEVICE_FAMILY = "1,2";
			};
			name = Release;
		};
/* End XCBuildConfiguration section */

/* Begin XCConfigurationList section */
		88741F8D21E89C280015FA5E /* Build configuration list for PBXProject "Les Calanques" */ = {
			isa = XCConfigurationList;
			buildConfigurations = (
				88741FA421E89C4C0015FA5E /* Debug */,
				88741FA521E89C4C0015FA5E /* Release */,
			);
			defaultConfigurationIsVisible = 0;
			defaultConfigurationName = Release;
		};
		88741FA621E89C4C0015FA5E /* Build configuration list for PBXNativeTarget "Les Calanques" */ = {
			isa = XCConfigurationList;
			buildConfigurations = (
				88741FA721E89C4C0015FA5E /* Debug */,
				88741FA821E89C4C0015FA5E /* Release */,
			);
			defaultConfigurationIsVisible = 0;
			defaultConfigurationName = Release;
		};
/* End XCConfigurationList section */
	};
	rootObject = 88741F8A21E89C280015FA5E /* Project object */;
}
